
Microsoft Visual Studio Solution File, Format Version 12.00
# Visual Studio Version 17
VisualStudioVersion = 17.14.36518.9 d17.14
MinimumVisualStudioVersion = 10.0.40219.1
Project("{FAE04EC0-301F-11D3-BF4B-00C04F79EFBC}") = "BeGamer", "BeGamer\BeGamer.csproj", "{3721C885-1DEA-4A90-9417-157CFF77B936}"
EndProject
Global
	GlobalSection(SolutionConfigurationPlatforms) = preSolution
		Debug|Any CPU = Debug|Any CPU
		Release|Any CPU = Release|Any CPU
	EndGlobalSection
	GlobalSection(ProjectConfigurationPlatforms) = postSolution
		{3721C885-1DEA-4A90-9417-157CFF77B936}.Debug|Any CPU.ActiveCfg = Debug|Any CPU
		{3721C885-1DEA-4A90-9417-157CFF77B936}.Debug|Any CPU.Build.0 = Debug|Any CPU
		{3721C885-1DEA-4A90-9417-157CFF77B936}.Release|Any CPU.ActiveCfg = Release|Any CPU
		{3721C885-1DEA-4A90-9417-157CFF77B936}.Release|Any CPU.Build.0 = Release|Any CPU
	EndGlobalSection
	GlobalSection(SolutionProperties) = preSolution
		HideSolutionNode = FALSE
	EndGlobalSection
	GlobalSection(ExtensibilityGlobals) = postSolution
		SolutionGuid = {749C7D29-5D4D-474D-B4C9-2FA346B5962A}
	EndGlobalSection
EndGlobal
